# This file is automatically @generated by Cargo.
# It is not intended for manual editing.
version = 3

[[package]]
name = "adler"
version = "1.0.2"
source = "registry+https://github.com/rust-lang/crates.io-index"
checksum = "f26201604c87b1e01bd3d98f8d5d9a8fcbb815e8cedb41ffccbeb4bf593a35fe"

[[package]]
name = "aho-corasick"
version = "0.7.19"
source = "registry+https://github.com/rust-lang/crates.io-index"
checksum = "b4f55bd91a0978cbfd91c457a164bab8b4001c833b7f323132c0a4e1922dd44e"
dependencies = [
 "memchr",
]

[[package]]
name = "assert_cmd"
version = "2.0.7"
source = "registry+https://github.com/rust-lang/crates.io-index"
checksum = "fa3d466004a8b4cb1bc34044240a2fd29d17607e2e3bd613eb44fd48e8100da3"
dependencies = [
 "bstr 1.1.0",
 "doc-comment",
 "predicates",
 "predicates-core",
 "predicates-tree",
 "wait-timeout",
]

[[package]]
name = "atty"
version = "0.2.14"
source = "registry+https://github.com/rust-lang/crates.io-index"
checksum = "d9b39be18770d11421cdb1b9947a45dd3f37e93092cbf377614828a319d5fee8"
dependencies = [
 "hermit-abi",
 "libc",
 "winapi",
]

[[package]]
name = "bitflags"
version = "1.3.2"
source = "registry+https://github.com/rust-lang/crates.io-index"
checksum = "bef38d45163c2f1dde094a7dfd33ccf595c92905c8f8f4fdc18d06fb1037718a"

[[package]]
name = "bstr"
version = "0.2.17"
source = "registry+https://github.com/rust-lang/crates.io-index"
checksum = "ba3569f383e8f1598449f1a423e72e99569137b47740b1da11ef19af3d5c3223"
dependencies = [
 "lazy_static",
 "memchr",
 "regex-automata",
]

[[package]]
name = "bstr"
version = "1.1.0"
source = "registry+https://github.com/rust-lang/crates.io-index"
checksum = "b45ea9b00a7b3f2988e9a65ad3917e62123c38dba709b666506207be96d1790b"
dependencies = [
 "memchr",
 "once_cell",
 "regex-automata",
 "serde",
]

[[package]]
name = "bytecount"
version = "0.6.3"
source = "registry+https://github.com/rust-lang/crates.io-index"
checksum = "2c676a478f63e9fa2dd5368a42f28bba0d6c560b775f38583c8bbaa7fcd67c9c"

[[package]]
name = "bzip2"
version = "0.4.4"
source = "registry+https://github.com/rust-lang/crates.io-index"
checksum = "bdb116a6ef3f6c3698828873ad02c3014b3c85cadb88496095628e3ef1e347f8"
dependencies = [
 "bzip2-sys",
 "libc",
]

[[package]]
name = "bzip2-sys"
version = "0.1.11+1.0.8"
source = "registry+https://github.com/rust-lang/crates.io-index"
checksum = "736a955f3fa7875102d57c82b8cac37ec45224a07fd32d58f9f7a186b6cd4cdc"
dependencies = [
 "cc",
 "libc",
 "pkg-config",
]

[[package]]
name = "cc"
version = "1.0.76"
source = "registry+https://github.com/rust-lang/crates.io-index"
checksum = "76a284da2e6fe2092f2353e51713435363112dfd60030e22add80be333fb928f"
dependencies = [
 "jobserver",
]

[[package]]
name = "cfg-if"
version = "1.0.0"
source = "registry+https://github.com/rust-lang/crates.io-index"
checksum = "baf1de4339761588bc0619e3cbc0120ee582ebb74b53b4efbf79117bd2da40fd"

[[package]]
name = "clap"
version = "4.0.19"
source = "registry+https://github.com/rust-lang/crates.io-index"
checksum = "8e67816e006b17427c9b4386915109b494fec2d929c63e3bd3561234cbf1bf1e"
dependencies = [
 "atty",
 "bitflags",
 "clap_lex",
 "strsim",
 "termcolor",
]

[[package]]
name = "clap_lex"
version = "0.3.0"
source = "registry+https://github.com/rust-lang/crates.io-index"
checksum = "0d4198f73e42b4936b35b5bb248d81d2b595ecb170da0bac7655c54eedfa8da8"
dependencies = [
 "os_str_bytes",
]

[[package]]
name = "crc32fast"
version = "1.3.2"
source = "registry+https://github.com/rust-lang/crates.io-index"
checksum = "b540bd8bc810d3885c6ea91e2018302f68baba2129ab3e88f32389ee9370880d"
dependencies = [
 "cfg-if",
]

[[package]]
name = "difflib"
version = "0.4.0"
source = "registry+https://github.com/rust-lang/crates.io-index"
checksum = "6184e33543162437515c2e2b48714794e37845ec9851711914eec9d308f6ebe8"

[[package]]
name = "doc-comment"
version = "0.3.3"
source = "registry+https://github.com/rust-lang/crates.io-index"
checksum = "fea41bba32d969b513997752735605054bc0dfa92b4c56bf1189f2e174be7a10"

[[package]]
name = "either"
version = "1.8.0"
source = "registry+https://github.com/rust-lang/crates.io-index"
checksum = "90e5c1c8368803113bf0c9584fc495a58b86dc8a29edbf8fe877d21d9507e797"

[[package]]
name = "encoding_rs"
version = "0.8.31"
source = "registry+https://github.com/rust-lang/crates.io-index"
checksum = "9852635589dc9f9ea1b6fe9f05b50ef208c85c834a562f0c6abb1c475736ec2b"
dependencies = [
 "cfg-if",
]

[[package]]
name = "encoding_rs_io"
version = "0.1.7"
source = "registry+https://github.com/rust-lang/crates.io-index"
checksum = "1cc3c5651fb62ab8aa3103998dade57efdd028544bd300516baa31840c252a83"
dependencies = [
 "encoding_rs",
]

[[package]]
name = "fastrand"
version = "1.8.0"
source = "registry+https://github.com/rust-lang/crates.io-index"
checksum = "a7a407cfaa3385c4ae6b23e84623d48c2798d06e3e6a1878f7f59f17b3f86499"
dependencies = [
 "instant",
]

[[package]]
name = "flate2"
version = "1.0.24"
source = "registry+https://github.com/rust-lang/crates.io-index"
checksum = "f82b0f4c27ad9f8bfd1f3208d882da2b09c301bc1c828fd3a00d0216d2fbbff6"
dependencies = [
 "crc32fast",
 "miniz_oxide",
]

[[package]]
name = "grep-matcher"
version = "0.1.5"
source = "registry+https://github.com/rust-lang/crates.io-index"
checksum = "6d27563c33062cd33003b166ade2bb4fd82db1fd6a86db764dfdad132d46c1cc"
dependencies = [
 "memchr",
]

[[package]]
name = "grep-regex"
version = "0.1.10"
source = "registry+https://github.com/rust-lang/crates.io-index"
checksum = "1345f8d33c89f2d5b081f2f2a41175adef9fd0bed2fea6a26c96c2deb027e58e"
dependencies = [
 "aho-corasick",
 "bstr 0.2.17",
 "grep-matcher",
 "log",
 "regex",
 "regex-syntax",
 "thread_local",
]

[[package]]
name = "grep-searcher"
version = "0.1.10"
source = "registry+https://github.com/rust-lang/crates.io-index"
checksum = "48852bd08f9b4eb3040ecb6d2f4ade224afe880a9a0909c5563cc59fa67932cc"
dependencies = [
 "bstr 0.2.17",
 "bytecount",
 "encoding_rs",
 "encoding_rs_io",
 "grep-matcher",
 "log",
 "memmap2",
]

[[package]]
name = "hermit-abi"
version = "0.1.19"
source = "registry+https://github.com/rust-lang/crates.io-index"
checksum = "62b467343b94ba476dcb2500d242dadbb39557df889310ac77c5d99100aaac33"
dependencies = [
 "libc",
]

[[package]]
name = "ikconfig"
version = "0.1.4"
dependencies = [
 "assert_cmd",
 "bzip2",
 "clap",
 "flate2",
 "grep-matcher",
 "grep-regex",
 "grep-searcher",
 "lz4_flex",
 "regex",
 "rust-lzma",
 "tempfile",
 "time",
 "zstd",
]

[[package]]
name = "instant"
version = "0.1.12"
source = "registry+https://github.com/rust-lang/crates.io-index"
checksum = "7a5bbe824c507c5da5956355e86a746d82e0e1464f65d862cc5e71da70e94b2c"
dependencies = [
 "cfg-if",
]

[[package]]
name = "itertools"
version = "0.10.5"
source = "registry+https://github.com/rust-lang/crates.io-index"
checksum = "b0fd2260e829bddf4cb6ea802289de2f86d6a7a690192fbe91b3f46e0f2c8473"
dependencies = [
 "either",
]

[[package]]
name = "jobserver"
version = "0.1.25"
source = "registry+https://github.com/rust-lang/crates.io-index"
checksum = "068b1ee6743e4d11fb9c6a1e6064b3693a1b600e7f5f5988047d98b3dc9fb90b"
dependencies = [
 "libc",
]

[[package]]
name = "lazy_static"
version = "1.4.0"
source = "registry+https://github.com/rust-lang/crates.io-index"
checksum = "e2abad23fbc42b3700f2f279844dc832adb2b2eb069b2df918f455c4e18cc646"

[[package]]
name = "libc"
version = "0.2.137"
source = "registry+https://github.com/rust-lang/crates.io-index"
checksum = "fc7fcc620a3bff7cdd7a365be3376c97191aeaccc2a603e600951e452615bf89"

[[package]]
name = "log"
version = "0.4.17"
source = "registry+https://github.com/rust-lang/crates.io-index"
checksum = "abb12e687cfb44aa40f41fc3978ef76448f9b6038cad6aef4259d3c095a2382e"
dependencies = [
 "cfg-if",
]

[[package]]
name = "lz4_flex"
version = "0.9.5"
source = "git+https://github.com/PSeitz/lz4_flex#8f5135ef258a43114a22f6b010e60d8fbd8a15b6"
dependencies = [
 "twox-hash",
]

[[package]]
name = "memchr"
version = "2.5.0"
source = "registry+https://github.com/rust-lang/crates.io-index"
checksum = "2dffe52ecf27772e601905b7522cb4ef790d2cc203488bbd0e2fe85fcb74566d"

[[package]]
name = "memmap2"
version = "0.5.8"
source = "registry+https://github.com/rust-lang/crates.io-index"
checksum = "4b182332558b18d807c4ce1ca8ca983b34c3ee32765e47b3f0f69b90355cc1dc"
dependencies = [
 "libc",
]

[[package]]
name = "miniz_oxide"
version = "0.5.4"
source = "registry+https://github.com/rust-lang/crates.io-index"
checksum = "96590ba8f175222643a85693f33d26e9c8a015f599c216509b1a6894af675d34"
dependencies = [
 "adler",
]

[[package]]
name = "once_cell"
version = "1.16.0"
source = "registry+https://github.com/rust-lang/crates.io-index"
checksum = "86f0b0d4bf799edbc74508c1e8bf170ff5f41238e5f8225603ca7caaae2b7860"

[[package]]
name = "os_str_bytes"
version = "6.3.1"
source = "registry+https://github.com/rust-lang/crates.io-index"
checksum = "3baf96e39c5359d2eb0dd6ccb42c62b91d9678aa68160d261b9e0ccbf9e9dea9"

[[package]]
name = "pkg-config"
version = "0.3.26"
source = "registry+https://github.com/rust-lang/crates.io-index"
checksum = "6ac9a59f73473f1b8d852421e59e64809f025994837ef743615c6d0c5b305160"

[[package]]
name = "predicates"
version = "2.1.4"
source = "registry+https://github.com/rust-lang/crates.io-index"
checksum = "f54fc5dc63ed3bbf19494623db4f3af16842c0d975818e469022d09e53f0aa05"
dependencies = [
 "difflib",
 "itertools",
 "predicates-core",
]

[[package]]
name = "predicates-core"
version = "1.0.5"
source = "registry+https://github.com/rust-lang/crates.io-index"
checksum = "72f883590242d3c6fc5bf50299011695fa6590c2c70eac95ee1bdb9a733ad1a2"

[[package]]
name = "predicates-tree"
version = "1.0.7"
source = "registry+https://github.com/rust-lang/crates.io-index"
checksum = "54ff541861505aabf6ea722d2131ee980b8276e10a1297b94e896dd8b621850d"
dependencies = [
 "predicates-core",
 "termtree",
]

[[package]]
name = "redox_syscall"
version = "0.2.16"
source = "registry+https://github.com/rust-lang/crates.io-index"
checksum = "fb5a58c1855b4b6819d59012155603f0b22ad30cad752600aadfcb695265519a"
dependencies = [
 "bitflags",
]

[[package]]
name = "regex"
version = "1.7.0"
source = "registry+https://github.com/rust-lang/crates.io-index"
checksum = "e076559ef8e241f2ae3479e36f97bd5741c0330689e217ad51ce2c76808b868a"
dependencies = [
 "aho-corasick",
 "memchr",
 "regex-syntax",
]

[[package]]
name = "regex-automata"
version = "0.1.10"
source = "registry+https://github.com/rust-lang/crates.io-index"
checksum = "6c230d73fb8d8c1b9c0b3135c5142a8acee3a0558fb8db5cf1cb65f8d7862132"

[[package]]
name = "regex-syntax"
version = "0.6.28"
source = "registry+https://github.com/rust-lang/crates.io-index"
checksum = "456c603be3e8d448b072f410900c09faf164fbce2d480456f50eea6e25f9c848"

[[package]]
name = "remove_dir_all"
version = "0.5.3"
source = "registry+https://github.com/rust-lang/crates.io-index"
checksum = "3acd125665422973a33ac9d3dd2df85edad0f4ae9b00dafb1a05e43a9f5ef8e7"
dependencies = [
 "winapi",
]

[[package]]
name = "rust-lzma"
version = "0.5.1"
source = "registry+https://github.com/rust-lang/crates.io-index"
checksum = "895dc04daeaeee338bb96e229797902ed3f0675bfc59d5b42e0f0b0c13ac54da"
dependencies = [
 "pkg-config",
]

[[package]]
name = "serde"
version = "1.0.151"
source = "registry+https://github.com/rust-lang/crates.io-index"
checksum = "97fed41fc1a24994d044e6db6935e69511a1153b52c15eb42493b26fa87feba0"

[[package]]
name = "static_assertions"
version = "1.1.0"
source = "registry+https://github.com/rust-lang/crates.io-index"
checksum = "a2eb9349b6444b326872e140eb1cf5e7c522154d69e7a0ffb0fb81c06b37543f"

[[package]]
name = "strsim"
version = "0.10.0"
source = "registry+https://github.com/rust-lang/crates.io-index"
checksum = "73473c0e59e6d5812c5dfe2a064a6444949f089e20eec9a2e5506596494e4623"

[[package]]
name = "tempfile"
version = "3.3.0"
source = "registry+https://github.com/rust-lang/crates.io-index"
checksum = "5cdb1ef4eaeeaddc8fbd371e5017057064af0911902ef36b39801f67cc6d79e4"
dependencies = [
 "cfg-if",
 "fastrand",
 "libc",
 "redox_syscall",
 "remove_dir_all",
 "winapi",
]

[[package]]
name = "termcolor"
version = "1.1.3"
source = "registry+https://github.com/rust-lang/crates.io-index"
checksum = "bab24d30b911b2376f3a13cc2cd443142f0c81dda04c118693e35b3835757755"
dependencies = [
 "winapi-util",
]

[[package]]
name = "termtree"
version = "0.4.0"
source = "registry+https://github.com/rust-lang/crates.io-index"
checksum = "95059e91184749cb66be6dc994f67f182b6d897cb3df74a5bf66b5e709295fd8"

[[package]]
name = "thread_local"
version = "1.1.4"
source = "registry+https://github.com/rust-lang/crates.io-index"
checksum = "5516c27b78311c50bf42c071425c560ac799b11c30b31f87e3081965fe5e0180"
dependencies = [
 "once_cell",
]

[[package]]
name = "time"
version = "0.3.17"
source = "registry+https://github.com/rust-lang/crates.io-index"
checksum = "a561bf4617eebd33bca6434b988f39ed798e527f51a1e797d0ee4f61c0a38376"
dependencies = [
 "serde",
 "time-core",
]

[[package]]
name = "time-core"
version = "0.1.0"
source = "registry+https://github.com/rust-lang/crates.io-index"
checksum = "2e153e1f1acaef8acc537e68b44906d2db6436e2b35ac2c6b42640fff91f00fd"

[[package]]
name = "twox-hash"
version = "1.6.3"
source = "registry+https://github.com/rust-lang/crates.io-index"
checksum = "97fee6b57c6a41524a810daee9286c02d7752c4253064d0b05472833a438f675"
dependencies = [
 "cfg-if",
 "static_assertions",
]

[[package]]
name = "wait-timeout"
version = "0.2.0"
source = "registry+https://github.com/rust-lang/crates.io-index"
checksum = "9f200f5b12eb75f8c1ed65abd4b2db8a6e1b138a20de009dacee265a2498f3f6"
dependencies = [
 "libc",
]

[[package]]
name = "winapi"
version = "0.3.9"
source = "registry+https://github.com/rust-lang/crates.io-index"
checksum = "5c839a674fcd7a98952e593242ea400abe93992746761e38641405d28b00f419"
dependencies = [
 "winapi-i686-pc-windows-gnu",
 "winapi-x86_64-pc-windows-gnu",
]

[[package]]
name = "winapi-i686-pc-windows-gnu"
version = "0.4.0"
source = "registry+https://github.com/rust-lang/crates.io-index"
checksum = "ac3b87c63620426dd9b991e5ce0329eff545bccbbb34f3be09ff6fb6ab51b7b6"

[[package]]
name = "winapi-util"
version = "0.1.5"
source = "registry+https://github.com/rust-lang/crates.io-index"
checksum = "70ec6ce85bb158151cae5e5c87f95a8e97d2c0c4b001223f33a334e3ce5de178"
dependencies = [
 "winapi",
]

[[package]]
name = "winapi-x86_64-pc-windows-gnu"
version = "0.4.0"
source = "registry+https://github.com/rust-lang/crates.io-index"
checksum = "712e227841d057c1ee1cd2fb22fa7e5a5461ae8e48fa2ca79ec42cfc1931183f"

[[package]]
name = "zstd"
version = "0.11.2+zstd.1.5.2"
source = "registry+https://github.com/rust-lang/crates.io-index"
checksum = "20cc960326ece64f010d2d2107537f26dc589a6573a316bd5b1dba685fa5fde4"
dependencies = [
 "zstd-safe",
]

[[package]]
name = "zstd-safe"
version = "5.0.2+zstd.1.5.2"
source = "registry+https://github.com/rust-lang/crates.io-index"
checksum = "1d2a5585e04f9eea4b2a3d1eca508c4dee9592a89ef6f450c11719da0726f4db"
dependencies = [
 "libc",
 "zstd-sys",
]

[[package]]
name = "zstd-sys"
version = "2.0.1+zstd.1.5.2"
source = "registry+https://github.com/rust-lang/crates.io-index"
checksum = "9fd07cbbc53846d9145dbffdf6dd09a7a0aa52be46741825f5c97bdd4f73f12b"
dependencies = [
 "cc",
 "libc",
]
